
Microsoft Visual Studio Solution File, Format Version 12.00
# Visual Studio 2013
VisualStudioVersion = 12.0.31101.0
MinimumVisualStudioVersion = 10.0.40219.1
Project("{FAE04EC0-301F-11D3-BF4B-00C04F79EFBC}") = "Collective.Model", "Collective.Model\Collective.Model.csproj", "{E17BB94F-EB80-4FE0-AB6D-CDEBF20BF902}"
EndProject
Project("{FAE04EC0-301F-11D3-BF4B-00C04F79EFBC}") = "Collective.Data", "Collective.Data\Collective.Data.csproj", "{B0545C0F-40B1-4F6D-9629-D9CC93EF00E3}"
EndProject
Project("{FAE04EC0-301F-11D3-BF4B-00C04F79EFBC}") = "Collective.Library", "Collective.Library\Collective.Library.csproj", "{4E638056-4117-4334-AD53-4206ACDA3E2A}"
EndProject
Project("{FAE04EC0-301F-11D3-BF4B-00C04F79EFBC}") = "Collective.AgentClient", "Collective.AgentClient\Collective.AgentClient.csproj", "{0D0AF328-C93A-4B7A-9005-89446773D844}"
EndProject
Global
	GlobalSection(SolutionConfigurationPlatforms) = preSolution
		Cavite|Any CPU = Cavite|Any CPU
		Cavite|Mixed Platforms = Cavite|Mixed Platforms
		Cavite|x86 = Cavite|x86
		CD_ROM|Any CPU = CD_ROM|Any CPU
		CD_ROM|Mixed Platforms = CD_ROM|Mixed Platforms
		CD_ROM|x86 = CD_ROM|x86
		Debug|Any CPU = Debug|Any CPU
		Debug|Mixed Platforms = Debug|Mixed Platforms
		Debug|x86 = Debug|x86
		DVD-5|Any CPU = DVD-5|Any CPU
		DVD-5|Mixed Platforms = DVD-5|Mixed Platforms
		DVD-5|x86 = DVD-5|x86
		Honduras|Any CPU = Honduras|Any CPU
		Honduras|Mixed Platforms = Honduras|Mixed Platforms
		Honduras|x86 = Honduras|x86
		Quezon|Any CPU = Quezon|Any CPU
		Quezon|Mixed Platforms = Quezon|Mixed Platforms
		Quezon|x86 = Quezon|x86
		Release|Any CPU = Release|Any CPU
		Release|Mixed Platforms = Release|Mixed Platforms
		Release|x86 = Release|x86
		SingleImage|Any CPU = SingleImage|Any CPU
		SingleImage|Mixed Platforms = SingleImage|Mixed Platforms
		SingleImage|x86 = SingleImage|x86
	EndGlobalSection
	GlobalSection(ProjectConfigurationPlatforms) = postSolution
		{E17BB94F-EB80-4FE0-AB6D-CDEBF20BF902}.Cavite|Any CPU.ActiveCfg = Cavite|Any CPU
		{E17BB94F-EB80-4FE0-AB6D-CDEBF20BF902}.Cavite|Any CPU.Build.0 = Cavite|Any CPU
		{E17BB94F-EB80-4FE0-AB6D-CDEBF20BF902}.Cavite|Mixed Platforms.ActiveCfg = Cavite|Any CPU
		{E17BB94F-EB80-4FE0-AB6D-CDEBF20BF902}.Cavite|Mixed Platforms.Build.0 = Cavite|Any CPU
		{E17BB94F-EB80-4FE0-AB6D-CDEBF20BF902}.Cavite|x86.ActiveCfg = Cavite|Any CPU
		{E17BB94F-EB80-4FE0-AB6D-CDEBF20BF902}.CD_ROM|Any CPU.ActiveCfg = Release|Any CPU
		{E17BB94F-EB80-4FE0-AB6D-CDEBF20BF902}.CD_ROM|Any CPU.Build.0 = Release|Any CPU
		{E17BB94F-EB80-4FE0-AB6D-CDEBF20BF902}.CD_ROM|Mixed Platforms.ActiveCfg = Debug|Any CPU
		{E17BB94F-EB80-4FE0-AB6D-CDEBF20BF902}.CD_ROM|Mixed Platforms.Build.0 = Debug|Any CPU
		{E17BB94F-EB80-4FE0-AB6D-CDEBF20BF902}.CD_ROM|x86.ActiveCfg = Debug|Any CPU
		{E17BB94F-EB80-4FE0-AB6D-CDEBF20BF902}.Debug|Any CPU.ActiveCfg = Debug|Any CPU
		{E17BB94F-EB80-4FE0-AB6D-CDEBF20BF902}.Debug|Any CPU.Build.0 = Debug|Any CPU
		{E17BB94F-EB80-4FE0-AB6D-CDEBF20BF902}.Debug|Mixed Platforms.ActiveCfg = Debug|Any CPU
		{E17BB94F-EB80-4FE0-AB6D-CDEBF20BF902}.Debug|Mixed Platforms.Build.0 = Debug|Any CPU
		{E17BB94F-EB80-4FE0-AB6D-CDEBF20BF902}.Debug|x86.ActiveCfg = Debug|Any CPU
		{E17BB94F-EB80-4FE0-AB6D-CDEBF20BF902}.DVD-5|Any CPU.ActiveCfg = Debug|Any CPU
		{E17BB94F-EB80-4FE0-AB6D-CDEBF20BF902}.DVD-5|Any CPU.Build.0 = Debug|Any CPU
		{E17BB94F-EB80-4FE0-AB6D-CDEBF20BF902}.DVD-5|Mixed Platforms.ActiveCfg = Debug|Any CPU
		{E17BB94F-EB80-4FE0-AB6D-CDEBF20BF902}.DVD-5|Mixed Platforms.Build.0 = Debug|Any CPU
		{E17BB94F-EB80-4FE0-AB6D-CDEBF20BF902}.DVD-5|x86.ActiveCfg = Debug|Any CPU
		{E17BB94F-EB80-4FE0-AB6D-CDEBF20BF902}.Honduras|Any CPU.ActiveCfg = Honduras|Any CPU
		{E17BB94F-EB80-4FE0-AB6D-CDEBF20BF902}.Honduras|Any CPU.Build.0 = Honduras|Any CPU
		{E17BB94F-EB80-4FE0-AB6D-CDEBF20BF902}.Honduras|Mixed Platforms.ActiveCfg = Honduras|Any CPU
		{E17BB94F-EB80-4FE0-AB6D-CDEBF20BF902}.Honduras|Mixed Platforms.Build.0 = Honduras|Any CPU
		{E17BB94F-EB80-4FE0-AB6D-CDEBF20BF902}.Honduras|x86.ActiveCfg = Honduras|Any CPU
		{E17BB94F-EB80-4FE0-AB6D-CDEBF20BF902}.Quezon|Any CPU.ActiveCfg = Quezon|Any CPU
		{E17BB94F-EB80-4FE0-AB6D-CDEBF20BF902}.Quezon|Any CPU.Build.0 = Quezon|Any CPU
		{E17BB94F-EB80-4FE0-AB6D-CDEBF20BF902}.Quezon|Mixed Platforms.ActiveCfg = Quezon|Any CPU
		{E17BB94F-EB80-4FE0-AB6D-CDEBF20BF902}.Quezon|Mixed Platforms.Build.0 = Quezon|Any CPU
		{E17BB94F-EB80-4FE0-AB6D-CDEBF20BF902}.Quezon|x86.ActiveCfg = Quezon|Any CPU
		{E17BB94F-EB80-4FE0-AB6D-CDEBF20BF902}.Release|Any CPU.ActiveCfg = Release|Any CPU
		{E17BB94F-EB80-4FE0-AB6D-CDEBF20BF902}.Release|Any CPU.Build.0 = Release|Any CPU
		{E17BB94F-EB80-4FE0-AB6D-CDEBF20BF902}.Release|Mixed Platforms.ActiveCfg = Release|Any CPU
		{E17BB94F-EB80-4FE0-AB6D-CDEBF20BF902}.Release|Mixed Platforms.Build.0 = Release|Any CPU
		{E17BB94F-EB80-4FE0-AB6D-CDEBF20BF902}.Release|x86.ActiveCfg = Release|Any CPU
		{E17BB94F-EB80-4FE0-AB6D-CDEBF20BF902}.SingleImage|Any CPU.ActiveCfg = Release|Any CPU
		{E17BB94F-EB80-4FE0-AB6D-CDEBF20BF902}.SingleImage|Any CPU.Build.0 = Release|Any CPU
		{E17BB94F-EB80-4FE0-AB6D-CDEBF20BF902}.SingleImage|Mixed Platforms.ActiveCfg = Debug|Any CPU
		{E17BB94F-EB80-4FE0-AB6D-CDEBF20BF902}.SingleImage|Mixed Platforms.Build.0 = Debug|Any CPU
		{E17BB94F-EB80-4FE0-AB6D-CDEBF20BF902}.SingleImage|x86.ActiveCfg = Debug|Any CPU
		{B0545C0F-40B1-4F6D-9629-D9CC93EF00E3}.Cavite|Any CPU.ActiveCfg = Cavite|Any CPU
		{B0545C0F-40B1-4F6D-9629-D9CC93EF00E3}.Cavite|Any CPU.Build.0 = Cavite|Any CPU
		{B0545C0F-40B1-4F6D-9629-D9CC93EF00E3}.Cavite|Mixed Platforms.ActiveCfg = Cavite|Any CPU
		{B0545C0F-40B1-4F6D-9629-D9CC93EF00E3}.Cavite|Mixed Platforms.Build.0 = Cavite|Any CPU
		{B0545C0F-40B1-4F6D-9629-D9CC93EF00E3}.Cavite|x86.ActiveCfg = Cavite|Any CPU
		{B0545C0F-40B1-4F6D-9629-D9CC93EF00E3}.CD_ROM|Any CPU.ActiveCfg = Release|Any CPU
		{B0545C0F-40B1-4F6D-9629-D9CC93EF00E3}.CD_ROM|Any CPU.Build.0 = Release|Any CPU
		{B0545C0F-40B1-4F6D-9629-D9CC93EF00E3}.CD_ROM|Mixed Platforms.ActiveCfg = Debug|Any CPU
		{B0545C0F-40B1-4F6D-9629-D9CC93EF00E3}.CD_ROM|Mixed Platforms.Build.0 = Debug|Any CPU
		{B0545C0F-40B1-4F6D-9629-D9CC93EF00E3}.CD_ROM|x86.ActiveCfg = Debug|Any CPU
		{B0545C0F-40B1-4F6D-9629-D9CC93EF00E3}.Debug|Any CPU.ActiveCfg = Debug|Any CPU
		{B0545C0F-40B1-4F6D-9629-D9CC93EF00E3}.Debug|Any CPU.Build.0 = Debug|Any CPU
		{B0545C0F-40B1-4F6D-9629-D9CC93EF00E3}.Debug|Mixed Platforms.ActiveCfg = Debug|Any CPU
		{B0545C0F-40B1-4F6D-9629-D9CC93EF00E3}.Debug|Mixed Platforms.Build.0 = Debug|Any CPU
		{B0545C0F-40B1-4F6D-9629-D9CC93EF00E3}.Debug|x86.ActiveCfg = Debug|Any CPU
		{B0545C0F-40B1-4F6D-9629-D9CC93EF00E3}.DVD-5|Any CPU.ActiveCfg = Debug|Any CPU
		{B0545C0F-40B1-4F6D-9629-D9CC93EF00E3}.DVD-5|Any CPU.Build.0 = Debug|Any CPU
		{B0545C0F-40B1-4F6D-9629-D9CC93EF00E3}.DVD-5|Mixed Platforms.ActiveCfg = Debug|Any CPU
		{B0545C0F-40B1-4F6D-9629-D9CC93EF00E3}.DVD-5|Mixed Platforms.Build.0 = Debug|Any CPU
		{B0545C0F-40B1-4F6D-9629-D9CC93EF00E3}.DVD-5|x86.ActiveCfg = Debug|Any CPU
		{B0545C0F-40B1-4F6D-9629-D9CC93EF00E3}.Honduras|Any CPU.ActiveCfg = Honduras|Any CPU
		{B0545C0F-40B1-4F6D-9629-D9CC93EF00E3}.Honduras|Any CPU.Build.0 = Honduras|Any CPU
		{B0545C0F-40B1-4F6D-9629-D9CC93EF00E3}.Honduras|Mixed Platforms.ActiveCfg = Honduras|Any CPU
		{B0545C0F-40B1-4F6D-9629-D9CC93EF00E3}.Honduras|Mixed Platforms.Build.0 = Honduras|Any CPU
		{B0545C0F-40B1-4F6D-9629-D9CC93EF00E3}.Honduras|x86.ActiveCfg = Honduras|Any CPU
		{B0545C0F-40B1-4F6D-9629-D9CC93EF00E3}.Quezon|Any CPU.ActiveCfg = Quezon|Any CPU
		{B0545C0F-40B1-4F6D-9629-D9CC93EF00E3}.Quezon|Any CPU.Build.0 = Quezon|Any CPU
		{B0545C0F-40B1-4F6D-9629-D9CC93EF00E3}.Quezon|Mixed Platforms.ActiveCfg = Quezon|Any CPU
		{B0545C0F-40B1-4F6D-9629-D9CC93EF00E3}.Quezon|Mixed Platforms.Build.0 = Quezon|Any CPU
		{B0545C0F-40B1-4F6D-9629-D9CC93EF00E3}.Quezon|x86.ActiveCfg = Quezon|Any CPU
		{B0545C0F-40B1-4F6D-9629-D9CC93EF00E3}.Release|Any CPU.ActiveCfg = Release|Any CPU
		{B0545C0F-40B1-4F6D-9629-D9CC93EF00E3}.Release|Any CPU.Build.0 = Release|Any CPU
		{B0545C0F-40B1-4F6D-9629-D9CC93EF00E3}.Release|Mixed Platforms.ActiveCfg = Release|Any CPU
		{B0545C0F-40B1-4F6D-9629-D9CC93EF00E3}.Release|Mixed Platforms.Build.0 = Release|Any CPU
		{B0545C0F-40B1-4F6D-9629-D9CC93EF00E3}.Release|x86.ActiveCfg = Release|Any CPU
		{B0545C0F-40B1-4F6D-9629-D9CC93EF00E3}.SingleImage|Any CPU.ActiveCfg = Release|Any CPU
		{B0545C0F-40B1-4F6D-9629-D9CC93EF00E3}.SingleImage|Any CPU.Build.0 = Release|Any CPU
		{B0545C0F-40B1-4F6D-9629-D9CC93EF00E3}.SingleImage|Mixed Platforms.ActiveCfg = Debug|Any CPU
		{B0545C0F-40B1-4F6D-9629-D9CC93EF00E3}.SingleImage|Mixed Platforms.Build.0 = Debug|Any CPU
		{B0545C0F-40B1-4F6D-9629-D9CC93EF00E3}.SingleImage|x86.ActiveCfg = Debug|Any CPU
		{4E638056-4117-4334-AD53-4206ACDA3E2A}.Cavite|Any CPU.ActiveCfg = Cavite|Any CPU
		{4E638056-4117-4334-AD53-4206ACDA3E2A}.Cavite|Any CPU.Build.0 = Cavite|Any CPU
		{4E638056-4117-4334-AD53-4206ACDA3E2A}.Cavite|Mixed Platforms.ActiveCfg = Cavite|Any CPU
		{4E638056-4117-4334-AD53-4206ACDA3E2A}.Cavite|Mixed Platforms.Build.0 = Cavite|Any CPU
		{4E638056-4117-4334-AD53-4206ACDA3E2A}.Cavite|x86.ActiveCfg = Cavite|Any CPU
		{4E638056-4117-4334-AD53-4206ACDA3E2A}.CD_ROM|Any CPU.ActiveCfg = Release|Any CPU
		{4E638056-4117-4334-AD53-4206ACDA3E2A}.CD_ROM|Any CPU.Build.0 = Release|Any CPU
		{4E638056-4117-4334-AD53-4206ACDA3E2A}.CD_ROM|Mixed Platforms.ActiveCfg = Debug|Any CPU
		{4E638056-4117-4334-AD53-4206ACDA3E2A}.CD_ROM|Mixed Platforms.Build.0 = Debug|Any CPU
		{4E638056-4117-4334-AD53-4206ACDA3E2A}.CD_ROM|x86.ActiveCfg = Debug|Any CPU
		{4E638056-4117-4334-AD53-4206ACDA3E2A}.Debug|Any CPU.ActiveCfg = Debug|Any CPU
		{4E638056-4117-4334-AD53-4206ACDA3E2A}.Debug|Any CPU.Build.0 = Debug|Any CPU
		{4E638056-4117-4334-AD53-4206ACDA3E2A}.Debug|Mixed Platforms.ActiveCfg = Debug|Any CPU
		{4E638056-4117-4334-AD53-4206ACDA3E2A}.Debug|Mixed Platforms.Build.0 = Debug|Any CPU
		{4E638056-4117-4334-AD53-4206ACDA3E2A}.Debug|x86.ActiveCfg = Debug|Any CPU
		{4E638056-4117-4334-AD53-4206ACDA3E2A}.DVD-5|Any CPU.ActiveCfg = Debug|Any CPU
		{4E638056-4117-4334-AD53-4206ACDA3E2A}.DVD-5|Any CPU.Build.0 = Debug|Any CPU
		{4E638056-4117-4334-AD53-4206ACDA3E2A}.DVD-5|Mixed Platforms.ActiveCfg = Debug|Any CPU
		{4E638056-4117-4334-AD53-4206ACDA3E2A}.DVD-5|Mixed Platforms.Build.0 = Debug|Any CPU
		{4E638056-4117-4334-AD53-4206ACDA3E2A}.DVD-5|x86.ActiveCfg = Debug|Any CPU
		{4E638056-4117-4334-AD53-4206ACDA3E2A}.Honduras|Any CPU.ActiveCfg = Honduras|Any CPU
		{4E638056-4117-4334-AD53-4206ACDA3E2A}.Honduras|Any CPU.Build.0 = Honduras|Any CPU
		{4E638056-4117-4334-AD53-4206ACDA3E2A}.Honduras|Mixed Platforms.ActiveCfg = Honduras|Any CPU
		{4E638056-4117-4334-AD53-4206ACDA3E2A}.Honduras|Mixed Platforms.Build.0 = Honduras|Any CPU
		{4E638056-4117-4334-AD53-4206ACDA3E2A}.Honduras|x86.ActiveCfg = Honduras|Any CPU
		{4E638056-4117-4334-AD53-4206ACDA3E2A}.Quezon|Any CPU.ActiveCfg = Quezon|Any CPU
		{4E638056-4117-4334-AD53-4206ACDA3E2A}.Quezon|Any CPU.Build.0 = Quezon|Any CPU
		{4E638056-4117-4334-AD53-4206ACDA3E2A}.Quezon|Mixed Platforms.ActiveCfg = Quezon|Any CPU
		{4E638056-4117-4334-AD53-4206ACDA3E2A}.Quezon|Mixed Platforms.Build.0 = Quezon|Any CPU
		{4E638056-4117-4334-AD53-4206ACDA3E2A}.Quezon|x86.ActiveCfg = Quezon|Any CPU
		{4E638056-4117-4334-AD53-4206ACDA3E2A}.Release|Any CPU.ActiveCfg = Release|Any CPU
		{4E638056-4117-4334-AD53-4206ACDA3E2A}.Release|Any CPU.Build.0 = Release|Any CPU
		{4E638056-4117-4334-AD53-4206ACDA3E2A}.Release|Mixed Platforms.ActiveCfg = Release|Any CPU
		{4E638056-4117-4334-AD53-4206ACDA3E2A}.Release|Mixed Platforms.Build.0 = Release|Any CPU
		{4E638056-4117-4334-AD53-4206ACDA3E2A}.Release|x86.ActiveCfg = Release|Any CPU
		{4E638056-4117-4334-AD53-4206ACDA3E2A}.SingleImage|Any CPU.ActiveCfg = Release|Any CPU
		{4E638056-4117-4334-AD53-4206ACDA3E2A}.SingleImage|Any CPU.Build.0 = Release|Any CPU
		{4E638056-4117-4334-AD53-4206ACDA3E2A}.SingleImage|Mixed Platforms.ActiveCfg = Debug|Any CPU
		{4E638056-4117-4334-AD53-4206ACDA3E2A}.SingleImage|Mixed Platforms.Build.0 = Debug|Any CPU
		{4E638056-4117-4334-AD53-4206ACDA3E2A}.SingleImage|x86.ActiveCfg = Debug|Any CPU
		{0D0AF328-C93A-4B7A-9005-89446773D844}.Cavite|Any CPU.ActiveCfg = Cavite|Any CPU
		{0D0AF328-C93A-4B7A-9005-89446773D844}.Cavite|Any CPU.Build.0 = Cavite|Any CPU
		{0D0AF328-C93A-4B7A-9005-89446773D844}.Cavite|Mixed Platforms.ActiveCfg = Cavite|Any CPU
		{0D0AF328-C93A-4B7A-9005-89446773D844}.Cavite|Mixed Platforms.Build.0 = Cavite|Any CPU
		{0D0AF328-C93A-4B7A-9005-89446773D844}.Cavite|x86.ActiveCfg = Cavite|Any CPU
		{0D0AF328-C93A-4B7A-9005-89446773D844}.CD_ROM|Any CPU.ActiveCfg = Release|Any CPU
		{0D0AF328-C93A-4B7A-9005-89446773D844}.CD_ROM|Any CPU.Build.0 = Release|Any CPU
		{0D0AF328-C93A-4B7A-9005-89446773D844}.CD_ROM|Mixed Platforms.ActiveCfg = Debug|Any CPU
		{0D0AF328-C93A-4B7A-9005-89446773D844}.CD_ROM|Mixed Platforms.Build.0 = Debug|Any CPU
		{0D0AF328-C93A-4B7A-9005-89446773D844}.CD_ROM|x86.ActiveCfg = Debug|Any CPU
		{0D0AF328-C93A-4B7A-9005-89446773D844}.Debug|Any CPU.ActiveCfg = Debug|Any CPU
		{0D0AF328-C93A-4B7A-9005-89446773D844}.Debug|Any CPU.Build.0 = Debug|Any CPU
		{0D0AF328-C93A-4B7A-9005-89446773D844}.Debug|Mixed Platforms.ActiveCfg = Debug|Any CPU
		{0D0AF328-C93A-4B7A-9005-89446773D844}.Debug|Mixed Platforms.Build.0 = Debug|Any CPU
		{0D0AF328-C93A-4B7A-9005-89446773D844}.Debug|x86.ActiveCfg = Debug|Any CPU
		{0D0AF328-C93A-4B7A-9005-89446773D844}.DVD-5|Any CPU.ActiveCfg = Debug|Any CPU
		{0D0AF328-C93A-4B7A-9005-89446773D844}.DVD-5|Any CPU.Build.0 = Debug|Any CPU
		{0D0AF328-C93A-4B7A-9005-89446773D844}.DVD-5|Mixed Platforms.ActiveCfg = Debug|Any CPU
		{0D0AF328-C93A-4B7A-9005-89446773D844}.DVD-5|Mixed Platforms.Build.0 = Debug|Any CPU
		{0D0AF328-C93A-4B7A-9005-89446773D844}.DVD-5|x86.ActiveCfg = Debug|Any CPU
		{0D0AF328-C93A-4B7A-9005-89446773D844}.Honduras|Any CPU.ActiveCfg = Honduras|Any CPU
		{0D0AF328-C93A-4B7A-9005-89446773D844}.Honduras|Any CPU.Build.0 = Honduras|Any CPU
		{0D0AF328-C93A-4B7A-9005-89446773D844}.Honduras|Mixed Platforms.ActiveCfg = Honduras|Any CPU
		{0D0AF328-C93A-4B7A-9005-89446773D844}.Honduras|Mixed Platforms.Build.0 = Honduras|Any CPU
		{0D0AF328-C93A-4B7A-9005-89446773D844}.Honduras|x86.ActiveCfg = Honduras|Any CPU
		{0D0AF328-C93A-4B7A-9005-89446773D844}.Quezon|Any CPU.ActiveCfg = Quezon|Any CPU
		{0D0AF328-C93A-4B7A-9005-89446773D844}.Quezon|Any CPU.Build.0 = Quezon|Any CPU
		{0D0AF328-C93A-4B7A-9005-89446773D844}.Quezon|Mixed Platforms.ActiveCfg = Quezon|Any CPU
		{0D0AF328-C93A-4B7A-9005-89446773D844}.Quezon|Mixed Platforms.Build.0 = Quezon|Any CPU
		{0D0AF328-C93A-4B7A-9005-89446773D844}.Quezon|x86.ActiveCfg = Quezon|Any CPU
		{0D0AF328-C93A-4B7A-9005-89446773D844}.Release|Any CPU.ActiveCfg = Release|Any CPU
		{0D0AF328-C93A-4B7A-9005-89446773D844}.Release|Any CPU.Build.0 = Release|Any CPU
		{0D0AF328-C93A-4B7A-9005-89446773D844}.Release|Mixed Platforms.ActiveCfg = Release|Any CPU
		{0D0AF328-C93A-4B7A-9005-89446773D844}.Release|Mixed Platforms.Build.0 = Release|Any CPU
		{0D0AF328-C93A-4B7A-9005-89446773D844}.Release|x86.ActiveCfg = Release|Any CPU
		{0D0AF328-C93A-4B7A-9005-89446773D844}.SingleImage|Any CPU.ActiveCfg = Release|Any CPU
		{0D0AF328-C93A-4B7A-9005-89446773D844}.SingleImage|Any CPU.Build.0 = Release|Any CPU
		{0D0AF328-C93A-4B7A-9005-89446773D844}.SingleImage|Mixed Platforms.ActiveCfg = Debug|Any CPU
		{0D0AF328-C93A-4B7A-9005-89446773D844}.SingleImage|Mixed Platforms.Build.0 = Debug|Any CPU
		{0D0AF328-C93A-4B7A-9005-89446773D844}.SingleImage|x86.ActiveCfg = Debug|Any CPU
	EndGlobalSection
	GlobalSection(SolutionProperties) = preSolution
		HideSolutionNode = FALSE
	EndGlobalSection
	GlobalSection(VaultVsipSolution-v1) = preSolution
		VaultHost = http://codes.mine.nu/VaultService
		VaultRepositoryID = 9
		VaultRepositoryGUID = aaefbb21-4327-4a1c-87eb-87fba50ee148
		ProjectCount = 4
		ProjectRelativeDiskPath1 = Collective.AgentClient\Collective.AgentClient.csproj
		ProjectRelativeDiskPath2 = Collective.Library\Collective.Library.csproj
		ProjectRelativeDiskPath3 = Collective.Data\Collective.Data.csproj
		ProjectRelativeDiskPath4 = Collective.Model\Collective.Model.csproj
	EndGlobalSection
EndGlobal
