
Microsoft Visual Studio Solution File, Format Version 12.00
# Visual Studio 2013
VisualStudioVersion = 12.0.31101.0
MinimumVisualStudioVersion = 10.0.40219.1
Project("{FAE04EC0-301F-11D3-BF4B-00C04F79EFBC}") = "Collective.Model", "Collective.Model\Collective.Model.csproj", "{E17BB94F-EB80-4FE0-AB6D-CDEBF20BF902}"
EndProject
Project("{FAE04EC0-301F-11D3-BF4B-00C04F79EFBC}") = "Collective.Data", "Collective.Data\Collective.Data.csproj", "{B0545C0F-40B1-4F6D-9629-D9CC93EF00E3}"
EndProject
Project("{FAE04EC0-301F-11D3-BF4B-00C04F79EFBC}") = "Collective.Library", "Collective.Library\Collective.Library.csproj", "{4E638056-4117-4334-AD53-4206ACDA3E2A}"
EndProject
Project("{FAE04EC0-301F-11D3-BF4B-00C04F79EFBC}") = "Collective.AgentClient", "Collective.AgentClient\Collective.AgentClient.csproj", "{0D0AF328-C93A-4B7A-9005-89446773D844}"
EndProject
Global
	GlobalSection(TeamFoundationVersionControl) = preSolution
		SccNumberOfProjects = 5
		SccEnterpriseProvider = {4CA58AB2-18FA-4F8D-95D4-32DDF27D184C}
		SccTeamFoundationServer = https://gettyapp.visualstudio.com/defaultcollection
		SccLocalPath0 = .
		SccProjectUniqueName1 = Collective.AgentClient\\Collective.AgentClient.csproj
		SccProjectName1 = Collective.AgentClient
		SccLocalPath1 = Collective.AgentClient
		SccProjectUniqueName2 = Collective.Data\\Collective.Data.csproj
		SccProjectName2 = Collective.Data
		SccLocalPath2 = Collective.Data
		SccProjectUniqueName3 = Collective.Library\\Collective.Library.csproj
		SccProjectName3 = Collective.Library
		SccLocalPath3 = Collective.Library
		SccProjectUniqueName4 = Collective.Model\\Collective.Model.csproj
		SccProjectName4 = Collective.Model
		SccLocalPath4 = Collective.Model
	EndGlobalSection
	GlobalSection(SolutionConfigurationPlatforms) = preSolution
		Debug|Any CPU = Debug|Any CPU
		Release|Any CPU = Release|Any CPU
	EndGlobalSection
	GlobalSection(ProjectConfigurationPlatforms) = postSolution
		{E17BB94F-EB80-4FE0-AB6D-CDEBF20BF902}.Debug|Any CPU.ActiveCfg = Debug|Any CPU
		{E17BB94F-EB80-4FE0-AB6D-CDEBF20BF902}.Debug|Any CPU.Build.0 = Debug|Any CPU
		{E17BB94F-EB80-4FE0-AB6D-CDEBF20BF902}.Release|Any CPU.ActiveCfg = Release|Any CPU
		{E17BB94F-EB80-4FE0-AB6D-CDEBF20BF902}.Release|Any CPU.Build.0 = Release|Any CPU
		{B0545C0F-40B1-4F6D-9629-D9CC93EF00E3}.Debug|Any CPU.ActiveCfg = Debug|Any CPU
		{B0545C0F-40B1-4F6D-9629-D9CC93EF00E3}.Debug|Any CPU.Build.0 = Debug|Any CPU
		{B0545C0F-40B1-4F6D-9629-D9CC93EF00E3}.Release|Any CPU.ActiveCfg = Release|Any CPU
		{B0545C0F-40B1-4F6D-9629-D9CC93EF00E3}.Release|Any CPU.Build.0 = Release|Any CPU
		{4E638056-4117-4334-AD53-4206ACDA3E2A}.Debug|Any CPU.ActiveCfg = Debug|Any CPU
		{4E638056-4117-4334-AD53-4206ACDA3E2A}.Debug|Any CPU.Build.0 = Debug|Any CPU
		{4E638056-4117-4334-AD53-4206ACDA3E2A}.Release|Any CPU.ActiveCfg = Release|Any CPU
		{4E638056-4117-4334-AD53-4206ACDA3E2A}.Release|Any CPU.Build.0 = Release|Any CPU
		{0D0AF328-C93A-4B7A-9005-89446773D844}.Debug|Any CPU.ActiveCfg = Debug|Any CPU
		{0D0AF328-C93A-4B7A-9005-89446773D844}.Debug|Any CPU.Build.0 = Debug|Any CPU
		{0D0AF328-C93A-4B7A-9005-89446773D844}.Release|Any CPU.ActiveCfg = Release|Any CPU
		{0D0AF328-C93A-4B7A-9005-89446773D844}.Release|Any CPU.Build.0 = Release|Any CPU
	EndGlobalSection
	GlobalSection(SolutionProperties) = preSolution
		HideSolutionNode = FALSE
	EndGlobalSection
EndGlobal
